
Microsoft Visual Studio Solution File, Format Version 12.00
# Visual Studio 15
VisualStudioVersion = 15.0.27004.2005
MinimumVisualStudioVersion = 10.0.40219.1
Project("{FAE04EC0-301F-11D3-BF4B-00C04F79EFBC}") = "MIBParser", "MIBParser\MIBParser.csproj", "{3C4BACE3-7942-4DB2-B5CC-6B082D49D82A}"
EndProject
Project("{FAE04EC0-301F-11D3-BF4B-00C04F79EFBC}") = "SMNPAgentStage1", "SMNPAgentStage1\SMNPAgentStage1.csproj", "{61391C73-8BD2-4047-BED3-A7E62685A880}"
EndProject
Global
	GlobalSection(SolutionConfigurationPlatforms) = preSolution
		Debug|Any CPU = Debug|Any CPU
		Release|Any CPU = Release|Any CPU
	EndGlobalSection
	GlobalSection(ProjectConfigurationPlatforms) = postSolution
		{3C4BACE3-7942-4DB2-B5CC-6B082D49D82A}.Debug|Any CPU.ActiveCfg = Debug|Any CPU
		{3C4BACE3-7942-4DB2-B5CC-6B082D49D82A}.Debug|Any CPU.Build.0 = Debug|Any CPU
		{3C4BACE3-7942-4DB2-B5CC-6B082D49D82A}.Release|Any CPU.ActiveCfg = Release|Any CPU
		{3C4BACE3-7942-4DB2-B5CC-6B082D49D82A}.Release|Any CPU.Build.0 = Release|Any CPU
		{61391C73-8BD2-4047-BED3-A7E62685A880}.Debug|Any CPU.ActiveCfg = Debug|Any CPU
		{61391C73-8BD2-4047-BED3-A7E62685A880}.Debug|Any CPU.Build.0 = Debug|Any CPU
		{61391C73-8BD2-4047-BED3-A7E62685A880}.Release|Any CPU.ActiveCfg = Release|Any CPU
		{61391C73-8BD2-4047-BED3-A7E62685A880}.Release|Any CPU.Build.0 = Release|Any CPU
	EndGlobalSection
	GlobalSection(SolutionProperties) = preSolution
		HideSolutionNode = FALSE
	EndGlobalSection
	GlobalSection(ExtensibilityGlobals) = postSolution
		SolutionGuid = {66FC42F2-203D-4A69-8322-786C903393D0}
	EndGlobalSection
EndGlobal
